
Microsoft Visual Studio Solution File, Format Version 12.00
# Visual Studio Version 16
VisualStudioVersion = 16.0.29411.138
MinimumVisualStudioVersion = 10.0.40219.1
Project("{9A19103F-16F7-4668-BE54-9A1E7A4F7556}") = "MyAPP", "MyAPP\MyAPP.csproj", "{6C152B6B-A619-43B7-97CA-5BC914E21C29}"
EndProject
Project("{FAE04EC0-301F-11D3-BF4B-00C04F79EFBC}") = "DataAccess", "DataAccess\DataAccess.csproj", "{F091E8B6-7BB9-4E23-B388-0135EB11E151}"
EndProject
Global
	GlobalSection(SolutionConfigurationPlatforms) = preSolution
		Debug|Any CPU = Debug|Any CPU
		Release|Any CPU = Release|Any CPU
	EndGlobalSection
	GlobalSection(ProjectConfigurationPlatforms) = postSolution
		{6C152B6B-A619-43B7-97CA-5BC914E21C29}.Debug|Any CPU.ActiveCfg = Debug|Any CPU
		{6C152B6B-A619-43B7-97CA-5BC914E21C29}.Debug|Any CPU.Build.0 = Debug|Any CPU
		{6C152B6B-A619-43B7-97CA-5BC914E21C29}.Release|Any CPU.ActiveCfg = Release|Any CPU
		{6C152B6B-A619-43B7-97CA-5BC914E21C29}.Release|Any CPU.Build.0 = Release|Any CPU
		{F091E8B6-7BB9-4E23-B388-0135EB11E151}.Debug|Any CPU.ActiveCfg = Debug|Any CPU
		{F091E8B6-7BB9-4E23-B388-0135EB11E151}.Debug|Any CPU.Build.0 = Debug|Any CPU
		{F091E8B6-7BB9-4E23-B388-0135EB11E151}.Release|Any CPU.ActiveCfg = Release|Any CPU
		{F091E8B6-7BB9-4E23-B388-0135EB11E151}.Release|Any CPU.Build.0 = Release|Any CPU
	EndGlobalSection
	GlobalSection(SolutionProperties) = preSolution
		HideSolutionNode = FALSE
	EndGlobalSection
	GlobalSection(ExtensibilityGlobals) = postSolution
		SolutionGuid = {DEC4749A-86FF-4D20-BDA2-8E70284132DE}
	EndGlobalSection
EndGlobal
